
Microsoft Visual Studio Solution File, Format Version 12.00
# Visual Studio Version 17
VisualStudioVersion = 17.3.32929.385
MinimumVisualStudioVersion = 10.0.40219.1
Project("{FAE04EC0-301F-11D3-BF4B-00C04F79EFBC}") = "ParkingBookingAPI", "ParkingBookingAPI\ParkingBookingAPI.csproj", "{B158534F-50C5-4F3F-BBB7-D387B0A65D6D}"
EndProject
Global
	GlobalSection(SolutionConfigurationPlatforms) = preSolution
		Debug|Any CPU = Debug|Any CPU
		Release|Any CPU = Release|Any CPU
	EndGlobalSection
	GlobalSection(ProjectConfigurationPlatforms) = postSolution
		{B158534F-50C5-4F3F-BBB7-D387B0A65D6D}.Debug|Any CPU.ActiveCfg = Debug|Any CPU
		{B158534F-50C5-4F3F-BBB7-D387B0A65D6D}.Debug|Any CPU.Build.0 = Debug|Any CPU
		{B158534F-50C5-4F3F-BBB7-D387B0A65D6D}.Release|Any CPU.ActiveCfg = Release|Any CPU
		{B158534F-50C5-4F3F-BBB7-D387B0A65D6D}.Release|Any CPU.Build.0 = Release|Any CPU
	EndGlobalSection
	GlobalSection(SolutionProperties) = preSolution
		HideSolutionNode = FALSE
	EndGlobalSection
	GlobalSection(ExtensibilityGlobals) = postSolution
		SolutionGuid = {D5C08ABD-C093-4107-9CFE-316A94C7F923}
	EndGlobalSection
EndGlobal
